
Microsoft Visual Studio Solution File, Format Version 12.00
# Visual Studio Version 17
VisualStudioVersion = 17.0.31903.59
MinimumVisualStudioVersion = 10.0.40219.1
Project("{2150E333-8FDC-42A3-9474-1A3956D46DE8}") = "src", "src", "{827E0CD3-B72D-47B6-A68D-7590B98EB39B}"
EndProject
Project("{FAE04EC0-301F-11D3-BF4B-00C04F79EFBC}") = "TextToSpeech.Core", "src\TextToSpeech.Core\TextToSpeech.Core.csproj", "{4C9D453C-43DE-4137-970E-5D94DD821550}"
EndProject
Project("{FAE04EC0-301F-11D3-BF4B-00C04F79EFBC}") = "TextToSpeech.Providers", "src\TextToSpeech.Providers\TextToSpeech.Providers.csproj", "{9A9C70A0-870A-4F06-8BC1-3CF14CAA1416}"
EndProject
Project("{FAE04EC0-301F-11D3-BF4B-00C04F79EFBC}") = "TextToSpeech.Orchestration", "src\TextToSpeech.Orchestration\TextToSpeech.Orchestration.csproj", "{0EF3DA99-9446-4ED3-86DC-BDD7DC0B90A3}"
EndProject
Project("{FAE04EC0-301F-11D3-BF4B-00C04F79EFBC}") = "TextToSpeech.Service", "src\TextToSpeech.Service\TextToSpeech.Service.csproj", "{28EA6C2A-883D-45E2-8664-5D5E9CBE1DCB}"
EndProject
Project("{FAE04EC0-301F-11D3-BF4B-00C04F79EFBC}") = "TextToSpeech.Providers.Piper", "src\TextToSpeech.Providers.Piper\TextToSpeech.Providers.Piper.csproj", "{08B7981C-349C-4000-A0AC-CFFFB36ADA12}"
EndProject
Project("{2150E333-8FDC-42A3-9474-1A3956D46DE8}") = "tests", "tests", "{0AB3BF05-4346-4AA6-1389-037BE0695223}"
EndProject
Project("{FAE04EC0-301F-11D3-BF4B-00C04F79EFBC}") = "TextToSpeech.Tests", "tests\TextToSpeech.Tests\TextToSpeech.Tests.csproj", "{BEABFEC2-3E3B-44AC-9944-EA42335C874E}"
EndProject
Global
	GlobalSection(SolutionConfigurationPlatforms) = preSolution
		Debug|Any CPU = Debug|Any CPU
		Debug|x64 = Debug|x64
		Debug|x86 = Debug|x86
		Release|Any CPU = Release|Any CPU
		Release|x64 = Release|x64
		Release|x86 = Release|x86
	EndGlobalSection
	GlobalSection(ProjectConfigurationPlatforms) = postSolution
		{4C9D453C-43DE-4137-970E-5D94DD821550}.Debug|Any CPU.ActiveCfg = Debug|Any CPU
		{4C9D453C-43DE-4137-970E-5D94DD821550}.Debug|Any CPU.Build.0 = Debug|Any CPU
		{4C9D453C-43DE-4137-970E-5D94DD821550}.Debug|x64.ActiveCfg = Debug|Any CPU
		{4C9D453C-43DE-4137-970E-5D94DD821550}.Debug|x64.Build.0 = Debug|Any CPU
		{4C9D453C-43DE-4137-970E-5D94DD821550}.Debug|x86.ActiveCfg = Debug|Any CPU
		{4C9D453C-43DE-4137-970E-5D94DD821550}.Debug|x86.Build.0 = Debug|Any CPU
		{4C9D453C-43DE-4137-970E-5D94DD821550}.Release|Any CPU.ActiveCfg = Release|Any CPU
		{4C9D453C-43DE-4137-970E-5D94DD821550}.Release|Any CPU.Build.0 = Release|Any CPU
		{4C9D453C-43DE-4137-970E-5D94DD821550}.Release|x64.ActiveCfg = Release|Any CPU
		{4C9D453C-43DE-4137-970E-5D94DD821550}.Release|x64.Build.0 = Release|Any CPU
		{4C9D453C-43DE-4137-970E-5D94DD821550}.Release|x86.ActiveCfg = Release|Any CPU
		{4C9D453C-43DE-4137-970E-5D94DD821550}.Release|x86.Build.0 = Release|Any CPU
		{9A9C70A0-870A-4F06-8BC1-3CF14CAA1416}.Debug|Any CPU.ActiveCfg = Debug|Any CPU
		{9A9C70A0-870A-4F06-8BC1-3CF14CAA1416}.Debug|Any CPU.Build.0 = Debug|Any CPU
		{9A9C70A0-870A-4F06-8BC1-3CF14CAA1416}.Debug|x64.ActiveCfg = Debug|Any CPU
		{9A9C70A0-870A-4F06-8BC1-3CF14CAA1416}.Debug|x64.Build.0 = Debug|Any CPU
		{9A9C70A0-870A-4F06-8BC1-3CF14CAA1416}.Debug|x86.ActiveCfg = Debug|Any CPU
		{9A9C70A0-870A-4F06-8BC1-3CF14CAA1416}.Debug|x86.Build.0 = Debug|Any CPU
		{9A9C70A0-870A-4F06-8BC1-3CF14CAA1416}.Release|Any CPU.ActiveCfg = Release|Any CPU
		{9A9C70A0-870A-4F06-8BC1-3CF14CAA1416}.Release|Any CPU.Build.0 = Release|Any CPU
		{9A9C70A0-870A-4F06-8BC1-3CF14CAA1416}.Release|x64.ActiveCfg = Release|Any CPU
		{9A9C70A0-870A-4F06-8BC1-3CF14CAA1416}.Release|x64.Build.0 = Release|Any CPU
		{9A9C70A0-870A-4F06-8BC1-3CF14CAA1416}.Release|x86.ActiveCfg = Release|Any CPU
		{9A9C70A0-870A-4F06-8BC1-3CF14CAA1416}.Release|x86.Build.0 = Release|Any CPU
		{0EF3DA99-9446-4ED3-86DC-BDD7DC0B90A3}.Debug|Any CPU.ActiveCfg = Debug|Any CPU
		{0EF3DA99-9446-4ED3-86DC-BDD7DC0B90A3}.Debug|Any CPU.Build.0 = Debug|Any CPU
		{0EF3DA99-9446-4ED3-86DC-BDD7DC0B90A3}.Debug|x64.ActiveCfg = Debug|Any CPU
		{0EF3DA99-9446-4ED3-86DC-BDD7DC0B90A3}.Debug|x64.Build.0 = Debug|Any CPU
		{0EF3DA99-9446-4ED3-86DC-BDD7DC0B90A3}.Debug|x86.ActiveCfg = Debug|Any CPU
		{0EF3DA99-9446-4ED3-86DC-BDD7DC0B90A3}.Debug|x86.Build.0 = Debug|Any CPU
		{0EF3DA99-9446-4ED3-86DC-BDD7DC0B90A3}.Release|Any CPU.ActiveCfg = Release|Any CPU
		{0EF3DA99-9446-4ED3-86DC-BDD7DC0B90A3}.Release|Any CPU.Build.0 = Release|Any CPU
		{0EF3DA99-9446-4ED3-86DC-BDD7DC0B90A3}.Release|x64.ActiveCfg = Release|Any CPU
		{0EF3DA99-9446-4ED3-86DC-BDD7DC0B90A3}.Release|x64.Build.0 = Release|Any CPU
		{0EF3DA99-9446-4ED3-86DC-BDD7DC0B90A3}.Release|x86.ActiveCfg = Release|Any CPU
		{0EF3DA99-9446-4ED3-86DC-BDD7DC0B90A3}.Release|x86.Build.0 = Release|Any CPU
		{28EA6C2A-883D-45E2-8664-5D5E9CBE1DCB}.Debug|Any CPU.ActiveCfg = Debug|Any CPU
		{28EA6C2A-883D-45E2-8664-5D5E9CBE1DCB}.Debug|Any CPU.Build.0 = Debug|Any CPU
		{28EA6C2A-883D-45E2-8664-5D5E9CBE1DCB}.Debug|x64.ActiveCfg = Debug|Any CPU
		{28EA6C2A-883D-45E2-8664-5D5E9CBE1DCB}.Debug|x64.Build.0 = Debug|Any CPU
		{28EA6C2A-883D-45E2-8664-5D5E9CBE1DCB}.Debug|x86.ActiveCfg = Debug|Any CPU
		{28EA6C2A-883D-45E2-8664-5D5E9CBE1DCB}.Debug|x86.Build.0 = Debug|Any CPU
		{28EA6C2A-883D-45E2-8664-5D5E9CBE1DCB}.Release|Any CPU.ActiveCfg = Release|Any CPU
		{28EA6C2A-883D-45E2-8664-5D5E9CBE1DCB}.Release|Any CPU.Build.0 = Release|Any CPU
		{28EA6C2A-883D-45E2-8664-5D5E9CBE1DCB}.Release|x64.ActiveCfg = Release|Any CPU
		{28EA6C2A-883D-45E2-8664-5D5E9CBE1DCB}.Release|x64.Build.0 = Release|Any CPU
		{28EA6C2A-883D-45E2-8664-5D5E9CBE1DCB}.Release|x86.ActiveCfg = Release|Any CPU
		{28EA6C2A-883D-45E2-8664-5D5E9CBE1DCB}.Release|x86.Build.0 = Release|Any CPU
		{08B7981C-349C-4000-A0AC-CFFFB36ADA12}.Debug|Any CPU.ActiveCfg = Debug|Any CPU
		{08B7981C-349C-4000-A0AC-CFFFB36ADA12}.Debug|Any CPU.Build.0 = Debug|Any CPU
		{08B7981C-349C-4000-A0AC-CFFFB36ADA12}.Debug|x64.ActiveCfg = Debug|Any CPU
		{08B7981C-349C-4000-A0AC-CFFFB36ADA12}.Debug|x64.Build.0 = Debug|Any CPU
		{08B7981C-349C-4000-A0AC-CFFFB36ADA12}.Debug|x86.ActiveCfg = Debug|Any CPU
		{08B7981C-349C-4000-A0AC-CFFFB36ADA12}.Debug|x86.Build.0 = Debug|Any CPU
		{08B7981C-349C-4000-A0AC-CFFFB36ADA12}.Release|Any CPU.ActiveCfg = Release|Any CPU
		{08B7981C-349C-4000-A0AC-CFFFB36ADA12}.Release|Any CPU.Build.0 = Release|Any CPU
		{08B7981C-349C-4000-A0AC-CFFFB36ADA12}.Release|x64.ActiveCfg = Release|Any CPU
		{08B7981C-349C-4000-A0AC-CFFFB36ADA12}.Release|x64.Build.0 = Release|Any CPU
		{08B7981C-349C-4000-A0AC-CFFFB36ADA12}.Release|x86.ActiveCfg = Release|Any CPU
		{08B7981C-349C-4000-A0AC-CFFFB36ADA12}.Release|x86.Build.0 = Release|Any CPU
		{BEABFEC2-3E3B-44AC-9944-EA42335C874E}.Debug|Any CPU.ActiveCfg = Debug|Any CPU
		{BEABFEC2-3E3B-44AC-9944-EA42335C874E}.Debug|Any CPU.Build.0 = Debug|Any CPU
		{BEABFEC2-3E3B-44AC-9944-EA42335C874E}.Debug|x64.ActiveCfg = Debug|Any CPU
		{BEABFEC2-3E3B-44AC-9944-EA42335C874E}.Debug|x64.Build.0 = Debug|Any CPU
		{BEABFEC2-3E3B-44AC-9944-EA42335C874E}.Debug|x86.ActiveCfg = Debug|Any CPU
		{BEABFEC2-3E3B-44AC-9944-EA42335C874E}.Debug|x86.Build.0 = Debug|Any CPU
		{BEABFEC2-3E3B-44AC-9944-EA42335C874E}.Release|Any CPU.ActiveCfg = Release|Any CPU
		{BEABFEC2-3E3B-44AC-9944-EA42335C874E}.Release|Any CPU.Build.0 = Release|Any CPU
		{BEABFEC2-3E3B-44AC-9944-EA42335C874E}.Release|x64.ActiveCfg = Release|Any CPU
		{BEABFEC2-3E3B-44AC-9944-EA42335C874E}.Release|x64.Build.0 = Release|Any CPU
		{BEABFEC2-3E3B-44AC-9944-EA42335C874E}.Release|x86.ActiveCfg = Release|Any CPU
		{BEABFEC2-3E3B-44AC-9944-EA42335C874E}.Release|x86.Build.0 = Release|Any CPU
	EndGlobalSection
	GlobalSection(SolutionProperties) = preSolution
		HideSolutionNode = FALSE
	EndGlobalSection
	GlobalSection(NestedProjects) = preSolution
		{4C9D453C-43DE-4137-970E-5D94DD821550} = {827E0CD3-B72D-47B6-A68D-7590B98EB39B}
		{9A9C70A0-870A-4F06-8BC1-3CF14CAA1416} = {827E0CD3-B72D-47B6-A68D-7590B98EB39B}
		{0EF3DA99-9446-4ED3-86DC-BDD7DC0B90A3} = {827E0CD3-B72D-47B6-A68D-7590B98EB39B}
		{28EA6C2A-883D-45E2-8664-5D5E9CBE1DCB} = {827E0CD3-B72D-47B6-A68D-7590B98EB39B}
		{08B7981C-349C-4000-A0AC-CFFFB36ADA12} = {827E0CD3-B72D-47B6-A68D-7590B98EB39B}
		{BEABFEC2-3E3B-44AC-9944-EA42335C874E} = {0AB3BF05-4346-4AA6-1389-037BE0695223}
	EndGlobalSection
EndGlobal
