
Microsoft Visual Studio Solution File, Format Version 12.00
# Visual Studio Version 17
VisualStudioVersion = 17.0.31903.59
MinimumVisualStudioVersion = 10.0.40219.1
Project("{2150E333-8FDC-42A3-9474-1A3956D46DE8}") = "src", "src", "{827E0CD3-B72D-47B6-A68D-7590B98EB39B}"
EndProject
Project("{FAE04EC0-301F-11D3-BF4B-00C04F79EFBC}") = "TextToSpeech.Core", "src\TextToSpeech.Core\TextToSpeech.Core.csproj", "{4C9D453C-43DE-4137-970E-5D94DD821550}"
EndProject
Project("{FAE04EC0-301F-11D3-BF4B-00C04F79EFBC}") = "TextToSpeech.Providers", "src\TextToSpeech.Providers\TextToSpeech.Providers.csproj", "{9A9C70A0-870A-4F06-8BC1-3CF14CAA1416}"
EndProject
Project("{FAE04EC0-301F-11D3-BF4B-00C04F79EFBC}") = "TextToSpeech.Orchestration", "src\TextToSpeech.Orchestration\TextToSpeech.Orchestration.csproj", "{0EF3DA99-9446-4ED3-86DC-BDD7DC0B90A3}"
EndProject
Project("{FAE04EC0-301F-11D3-BF4B-00C04F79EFBC}") = "TextToSpeech.Service", "src\TextToSpeech.Service\TextToSpeech.Service.csproj", "{28EA6C2A-883D-45E2-8664-5D5E9CBE1DCB}"
EndProject
Project("{FAE04EC0-301F-11D3-BF4B-00C04F79EFBC}") = "TextToSpeech.Providers.Piper", "src\TextToSpeech.Providers.Piper\TextToSpeech.Providers.Piper.csproj", "{08B7981C-349C-4000-A0AC-CFFFB36ADA12}"
EndProject
Project("{2150E333-8FDC-42A3-9474-1A3956D46DE8}") = "tests", "tests", "{0AB3BF05-4346-4AA6-1389-037BE0695223}"
EndProject
Project("{FAE04EC0-301F-11D3-BF4B-00C04F79EFBC}") = "TextToSpeech.Core.Tests", "tests\TextToSpeech.Core.Tests\TextToSpeech.Core.Tests.csproj", "{D15E04E1-FBC0-4751-9039-D3B960820293}"
EndProject
Project("{FAE04EC0-301F-11D3-BF4B-00C04F79EFBC}") = "TextToSpeech.Providers.Tests", "tests\TextToSpeech.Providers.Tests\TextToSpeech.Providers.Tests.csproj", "{64450BB0-4F78-4A3B-810C-1322A67769F5}"
EndProject
Project("{FAE04EC0-301F-11D3-BF4B-00C04F79EFBC}") = "TextToSpeech.Providers.Piper.Tests", "tests\TextToSpeech.Providers.Piper.Tests\TextToSpeech.Providers.Piper.Tests.csproj", "{E44EC601-FCD4-4C37-A380-9686EF59F911}"
EndProject
Project("{FAE04EC0-301F-11D3-BF4B-00C04F79EFBC}") = "TextToSpeech.Orchestration.Tests", "tests\TextToSpeech.Orchestration.Tests\TextToSpeech.Orchestration.Tests.csproj", "{82539679-9481-4FE3-8266-A31314A5766C}"
EndProject
Project("{FAE04EC0-301F-11D3-BF4B-00C04F79EFBC}") = "TextToSpeech.Providers.EdgeTTS", "src\TextToSpeech.Providers.EdgeTTS\TextToSpeech.Providers.EdgeTTS.csproj", "{48C29145-73DA-44AA-B71A-E7C500AE30E5}"
EndProject
Project("{2150E333-8FDC-42A3-9474-1A3956D46DE8}") = "examples", "examples", "{B36A84DF-456D-A817-6EDD-3EC3E7F6E11F}"
EndProject
Project("{FAE04EC0-301F-11D3-BF4B-00C04F79EFBC}") = "TextToSpeech.Demo", "examples\TextToSpeech.Demo\TextToSpeech.Demo.csproj", "{A5554BDA-2ACF-4FD5-A387-01598C5DCCDF}"
EndProject
Project("{FAE04EC0-301F-11D3-BF4B-00C04F79EFBC}") = "TextToSpeech.XttsDemo", "examples\TextToSpeech.XttsDemo\TextToSpeech.XttsDemo.csproj", "{F354BE3D-32A1-482D-8025-AA6EF9ACBD00}"
EndProject
Project("{FAE04EC0-301F-11D3-BF4B-00C04F79EFBC}") = "TextToSpeech.Providers.GoogleCloud", "src\TextToSpeech.Providers.GoogleCloud\TextToSpeech.Providers.GoogleCloud.csproj", "{4037CDCB-EE95-4270-B5AF-C2E9DBB56AF0}"
EndProject
Project("{FAE04EC0-301F-11D3-BF4B-00C04F79EFBC}") = "TextToSpeech.Providers.GoogleCloud.Tests", "tests\TextToSpeech.Providers.GoogleCloud.Tests\TextToSpeech.Providers.GoogleCloud.Tests.csproj", "{453D7450-F6D3-454B-BBB3-8D752F91123F}"
EndProject
Global
	GlobalSection(SolutionConfigurationPlatforms) = preSolution
		Debug|Any CPU = Debug|Any CPU
		Debug|x64 = Debug|x64
		Debug|x86 = Debug|x86
		Release|Any CPU = Release|Any CPU
		Release|x64 = Release|x64
		Release|x86 = Release|x86
	EndGlobalSection
	GlobalSection(ProjectConfigurationPlatforms) = postSolution
		{4C9D453C-43DE-4137-970E-5D94DD821550}.Debug|Any CPU.ActiveCfg = Debug|Any CPU
		{4C9D453C-43DE-4137-970E-5D94DD821550}.Debug|Any CPU.Build.0 = Debug|Any CPU
		{4C9D453C-43DE-4137-970E-5D94DD821550}.Debug|x64.ActiveCfg = Debug|Any CPU
		{4C9D453C-43DE-4137-970E-5D94DD821550}.Debug|x64.Build.0 = Debug|Any CPU
		{4C9D453C-43DE-4137-970E-5D94DD821550}.Debug|x86.ActiveCfg = Debug|Any CPU
		{4C9D453C-43DE-4137-970E-5D94DD821550}.Debug|x86.Build.0 = Debug|Any CPU
		{4C9D453C-43DE-4137-970E-5D94DD821550}.Release|Any CPU.ActiveCfg = Release|Any CPU
		{4C9D453C-43DE-4137-970E-5D94DD821550}.Release|Any CPU.Build.0 = Release|Any CPU
		{4C9D453C-43DE-4137-970E-5D94DD821550}.Release|x64.ActiveCfg = Release|Any CPU
		{4C9D453C-43DE-4137-970E-5D94DD821550}.Release|x64.Build.0 = Release|Any CPU
		{4C9D453C-43DE-4137-970E-5D94DD821550}.Release|x86.ActiveCfg = Release|Any CPU
		{4C9D453C-43DE-4137-970E-5D94DD821550}.Release|x86.Build.0 = Release|Any CPU
		{9A9C70A0-870A-4F06-8BC1-3CF14CAA1416}.Debug|Any CPU.ActiveCfg = Debug|Any CPU
		{9A9C70A0-870A-4F06-8BC1-3CF14CAA1416}.Debug|Any CPU.Build.0 = Debug|Any CPU
		{9A9C70A0-870A-4F06-8BC1-3CF14CAA1416}.Debug|x64.ActiveCfg = Debug|Any CPU
		{9A9C70A0-870A-4F06-8BC1-3CF14CAA1416}.Debug|x64.Build.0 = Debug|Any CPU
		{9A9C70A0-870A-4F06-8BC1-3CF14CAA1416}.Debug|x86.ActiveCfg = Debug|Any CPU
		{9A9C70A0-870A-4F06-8BC1-3CF14CAA1416}.Debug|x86.Build.0 = Debug|Any CPU
		{9A9C70A0-870A-4F06-8BC1-3CF14CAA1416}.Release|Any CPU.ActiveCfg = Release|Any CPU
		{9A9C70A0-870A-4F06-8BC1-3CF14CAA1416}.Release|Any CPU.Build.0 = Release|Any CPU
		{9A9C70A0-870A-4F06-8BC1-3CF14CAA1416}.Release|x64.ActiveCfg = Release|Any CPU
		{9A9C70A0-870A-4F06-8BC1-3CF14CAA1416}.Release|x64.Build.0 = Release|Any CPU
		{9A9C70A0-870A-4F06-8BC1-3CF14CAA1416}.Release|x86.ActiveCfg = Release|Any CPU
		{9A9C70A0-870A-4F06-8BC1-3CF14CAA1416}.Release|x86.Build.0 = Release|Any CPU
		{0EF3DA99-9446-4ED3-86DC-BDD7DC0B90A3}.Debug|Any CPU.ActiveCfg = Debug|Any CPU
		{0EF3DA99-9446-4ED3-86DC-BDD7DC0B90A3}.Debug|Any CPU.Build.0 = Debug|Any CPU
		{0EF3DA99-9446-4ED3-86DC-BDD7DC0B90A3}.Debug|x64.ActiveCfg = Debug|Any CPU
		{0EF3DA99-9446-4ED3-86DC-BDD7DC0B90A3}.Debug|x64.Build.0 = Debug|Any CPU
		{0EF3DA99-9446-4ED3-86DC-BDD7DC0B90A3}.Debug|x86.ActiveCfg = Debug|Any CPU
		{0EF3DA99-9446-4ED3-86DC-BDD7DC0B90A3}.Debug|x86.Build.0 = Debug|Any CPU
		{0EF3DA99-9446-4ED3-86DC-BDD7DC0B90A3}.Release|Any CPU.ActiveCfg = Release|Any CPU
		{0EF3DA99-9446-4ED3-86DC-BDD7DC0B90A3}.Release|Any CPU.Build.0 = Release|Any CPU
		{0EF3DA99-9446-4ED3-86DC-BDD7DC0B90A3}.Release|x64.ActiveCfg = Release|Any CPU
		{0EF3DA99-9446-4ED3-86DC-BDD7DC0B90A3}.Release|x64.Build.0 = Release|Any CPU
		{0EF3DA99-9446-4ED3-86DC-BDD7DC0B90A3}.Release|x86.ActiveCfg = Release|Any CPU
		{0EF3DA99-9446-4ED3-86DC-BDD7DC0B90A3}.Release|x86.Build.0 = Release|Any CPU
		{28EA6C2A-883D-45E2-8664-5D5E9CBE1DCB}.Debug|Any CPU.ActiveCfg = Debug|Any CPU
		{28EA6C2A-883D-45E2-8664-5D5E9CBE1DCB}.Debug|Any CPU.Build.0 = Debug|Any CPU
		{28EA6C2A-883D-45E2-8664-5D5E9CBE1DCB}.Debug|x64.ActiveCfg = Debug|Any CPU
		{28EA6C2A-883D-45E2-8664-5D5E9CBE1DCB}.Debug|x64.Build.0 = Debug|Any CPU
		{28EA6C2A-883D-45E2-8664-5D5E9CBE1DCB}.Debug|x86.ActiveCfg = Debug|Any CPU
		{28EA6C2A-883D-45E2-8664-5D5E9CBE1DCB}.Debug|x86.Build.0 = Debug|Any CPU
		{28EA6C2A-883D-45E2-8664-5D5E9CBE1DCB}.Release|Any CPU.ActiveCfg = Release|Any CPU
		{28EA6C2A-883D-45E2-8664-5D5E9CBE1DCB}.Release|Any CPU.Build.0 = Release|Any CPU
		{28EA6C2A-883D-45E2-8664-5D5E9CBE1DCB}.Release|x64.ActiveCfg = Release|Any CPU
		{28EA6C2A-883D-45E2-8664-5D5E9CBE1DCB}.Release|x64.Build.0 = Release|Any CPU
		{28EA6C2A-883D-45E2-8664-5D5E9CBE1DCB}.Release|x86.ActiveCfg = Release|Any CPU
		{28EA6C2A-883D-45E2-8664-5D5E9CBE1DCB}.Release|x86.Build.0 = Release|Any CPU
		{08B7981C-349C-4000-A0AC-CFFFB36ADA12}.Debug|Any CPU.ActiveCfg = Debug|Any CPU
		{08B7981C-349C-4000-A0AC-CFFFB36ADA12}.Debug|Any CPU.Build.0 = Debug|Any CPU
		{08B7981C-349C-4000-A0AC-CFFFB36ADA12}.Debug|x64.ActiveCfg = Debug|Any CPU
		{08B7981C-349C-4000-A0AC-CFFFB36ADA12}.Debug|x64.Build.0 = Debug|Any CPU
		{08B7981C-349C-4000-A0AC-CFFFB36ADA12}.Debug|x86.ActiveCfg = Debug|Any CPU
		{08B7981C-349C-4000-A0AC-CFFFB36ADA12}.Debug|x86.Build.0 = Debug|Any CPU
		{08B7981C-349C-4000-A0AC-CFFFB36ADA12}.Release|Any CPU.ActiveCfg = Release|Any CPU
		{08B7981C-349C-4000-A0AC-CFFFB36ADA12}.Release|Any CPU.Build.0 = Release|Any CPU
		{08B7981C-349C-4000-A0AC-CFFFB36ADA12}.Release|x64.ActiveCfg = Release|Any CPU
		{08B7981C-349C-4000-A0AC-CFFFB36ADA12}.Release|x64.Build.0 = Release|Any CPU
		{08B7981C-349C-4000-A0AC-CFFFB36ADA12}.Release|x86.ActiveCfg = Release|Any CPU
		{08B7981C-349C-4000-A0AC-CFFFB36ADA12}.Release|x86.Build.0 = Release|Any CPU
		{D15E04E1-FBC0-4751-9039-D3B960820293}.Debug|Any CPU.ActiveCfg = Debug|Any CPU
		{D15E04E1-FBC0-4751-9039-D3B960820293}.Debug|Any CPU.Build.0 = Debug|Any CPU
		{D15E04E1-FBC0-4751-9039-D3B960820293}.Debug|x64.ActiveCfg = Debug|Any CPU
		{D15E04E1-FBC0-4751-9039-D3B960820293}.Debug|x64.Build.0 = Debug|Any CPU
		{D15E04E1-FBC0-4751-9039-D3B960820293}.Debug|x86.ActiveCfg = Debug|Any CPU
		{D15E04E1-FBC0-4751-9039-D3B960820293}.Debug|x86.Build.0 = Debug|Any CPU
		{D15E04E1-FBC0-4751-9039-D3B960820293}.Release|Any CPU.ActiveCfg = Release|Any CPU
		{D15E04E1-FBC0-4751-9039-D3B960820293}.Release|Any CPU.Build.0 = Release|Any CPU
		{D15E04E1-FBC0-4751-9039-D3B960820293}.Release|x64.ActiveCfg = Release|Any CPU
		{D15E04E1-FBC0-4751-9039-D3B960820293}.Release|x64.Build.0 = Release|Any CPU
		{D15E04E1-FBC0-4751-9039-D3B960820293}.Release|x86.ActiveCfg = Release|Any CPU
		{D15E04E1-FBC0-4751-9039-D3B960820293}.Release|x86.Build.0 = Release|Any CPU
		{64450BB0-4F78-4A3B-810C-1322A67769F5}.Debug|Any CPU.ActiveCfg = Debug|Any CPU
		{64450BB0-4F78-4A3B-810C-1322A67769F5}.Debug|Any CPU.Build.0 = Debug|Any CPU
		{64450BB0-4F78-4A3B-810C-1322A67769F5}.Debug|x64.ActiveCfg = Debug|Any CPU
		{64450BB0-4F78-4A3B-810C-1322A67769F5}.Debug|x64.Build.0 = Debug|Any CPU
		{64450BB0-4F78-4A3B-810C-1322A67769F5}.Debug|x86.ActiveCfg = Debug|Any CPU
		{64450BB0-4F78-4A3B-810C-1322A67769F5}.Debug|x86.Build.0 = Debug|Any CPU
		{64450BB0-4F78-4A3B-810C-1322A67769F5}.Release|Any CPU.ActiveCfg = Release|Any CPU
		{64450BB0-4F78-4A3B-810C-1322A67769F5}.Release|Any CPU.Build.0 = Release|Any CPU
		{64450BB0-4F78-4A3B-810C-1322A67769F5}.Release|x64.ActiveCfg = Release|Any CPU
		{64450BB0-4F78-4A3B-810C-1322A67769F5}.Release|x64.Build.0 = Release|Any CPU
		{64450BB0-4F78-4A3B-810C-1322A67769F5}.Release|x86.ActiveCfg = Release|Any CPU
		{64450BB0-4F78-4A3B-810C-1322A67769F5}.Release|x86.Build.0 = Release|Any CPU
		{E44EC601-FCD4-4C37-A380-9686EF59F911}.Debug|Any CPU.ActiveCfg = Debug|Any CPU
		{E44EC601-FCD4-4C37-A380-9686EF59F911}.Debug|Any CPU.Build.0 = Debug|Any CPU
		{E44EC601-FCD4-4C37-A380-9686EF59F911}.Debug|x64.ActiveCfg = Debug|Any CPU
		{E44EC601-FCD4-4C37-A380-9686EF59F911}.Debug|x64.Build.0 = Debug|Any CPU
		{E44EC601-FCD4-4C37-A380-9686EF59F911}.Debug|x86.ActiveCfg = Debug|Any CPU
		{E44EC601-FCD4-4C37-A380-9686EF59F911}.Debug|x86.Build.0 = Debug|Any CPU
		{E44EC601-FCD4-4C37-A380-9686EF59F911}.Release|Any CPU.ActiveCfg = Release|Any CPU
		{E44EC601-FCD4-4C37-A380-9686EF59F911}.Release|Any CPU.Build.0 = Release|Any CPU
		{E44EC601-FCD4-4C37-A380-9686EF59F911}.Release|x64.ActiveCfg = Release|Any CPU
		{E44EC601-FCD4-4C37-A380-9686EF59F911}.Release|x64.Build.0 = Release|Any CPU
		{E44EC601-FCD4-4C37-A380-9686EF59F911}.Release|x86.ActiveCfg = Release|Any CPU
		{E44EC601-FCD4-4C37-A380-9686EF59F911}.Release|x86.Build.0 = Release|Any CPU
		{82539679-9481-4FE3-8266-A31314A5766C}.Debug|Any CPU.ActiveCfg = Debug|Any CPU
		{82539679-9481-4FE3-8266-A31314A5766C}.Debug|Any CPU.Build.0 = Debug|Any CPU
		{82539679-9481-4FE3-8266-A31314A5766C}.Debug|x64.ActiveCfg = Debug|Any CPU
		{82539679-9481-4FE3-8266-A31314A5766C}.Debug|x64.Build.0 = Debug|Any CPU
		{82539679-9481-4FE3-8266-A31314A5766C}.Debug|x86.ActiveCfg = Debug|Any CPU
		{82539679-9481-4FE3-8266-A31314A5766C}.Debug|x86.Build.0 = Debug|Any CPU
		{82539679-9481-4FE3-8266-A31314A5766C}.Release|Any CPU.ActiveCfg = Release|Any CPU
		{82539679-9481-4FE3-8266-A31314A5766C}.Release|Any CPU.Build.0 = Release|Any CPU
		{82539679-9481-4FE3-8266-A31314A5766C}.Release|x64.ActiveCfg = Release|Any CPU
		{82539679-9481-4FE3-8266-A31314A5766C}.Release|x64.Build.0 = Release|Any CPU
		{82539679-9481-4FE3-8266-A31314A5766C}.Release|x86.ActiveCfg = Release|Any CPU
		{82539679-9481-4FE3-8266-A31314A5766C}.Release|x86.Build.0 = Release|Any CPU
		{48C29145-73DA-44AA-B71A-E7C500AE30E5}.Debug|Any CPU.ActiveCfg = Debug|Any CPU
		{48C29145-73DA-44AA-B71A-E7C500AE30E5}.Debug|Any CPU.Build.0 = Debug|Any CPU
		{48C29145-73DA-44AA-B71A-E7C500AE30E5}.Debug|x64.ActiveCfg = Debug|Any CPU
		{48C29145-73DA-44AA-B71A-E7C500AE30E5}.Debug|x64.Build.0 = Debug|Any CPU
		{48C29145-73DA-44AA-B71A-E7C500AE30E5}.Debug|x86.ActiveCfg = Debug|Any CPU
		{48C29145-73DA-44AA-B71A-E7C500AE30E5}.Debug|x86.Build.0 = Debug|Any CPU
		{48C29145-73DA-44AA-B71A-E7C500AE30E5}.Release|Any CPU.ActiveCfg = Release|Any CPU
		{48C29145-73DA-44AA-B71A-E7C500AE30E5}.Release|Any CPU.Build.0 = Release|Any CPU
		{48C29145-73DA-44AA-B71A-E7C500AE30E5}.Release|x64.ActiveCfg = Release|Any CPU
		{48C29145-73DA-44AA-B71A-E7C500AE30E5}.Release|x64.Build.0 = Release|Any CPU
		{48C29145-73DA-44AA-B71A-E7C500AE30E5}.Release|x86.ActiveCfg = Release|Any CPU
		{48C29145-73DA-44AA-B71A-E7C500AE30E5}.Release|x86.Build.0 = Release|Any CPU
		{A5554BDA-2ACF-4FD5-A387-01598C5DCCDF}.Debug|Any CPU.ActiveCfg = Debug|Any CPU
		{A5554BDA-2ACF-4FD5-A387-01598C5DCCDF}.Debug|Any CPU.Build.0 = Debug|Any CPU
		{A5554BDA-2ACF-4FD5-A387-01598C5DCCDF}.Debug|x64.ActiveCfg = Debug|Any CPU
		{A5554BDA-2ACF-4FD5-A387-01598C5DCCDF}.Debug|x64.Build.0 = Debug|Any CPU
		{A5554BDA-2ACF-4FD5-A387-01598C5DCCDF}.Debug|x86.ActiveCfg = Debug|Any CPU
		{A5554BDA-2ACF-4FD5-A387-01598C5DCCDF}.Debug|x86.Build.0 = Debug|Any CPU
		{A5554BDA-2ACF-4FD5-A387-01598C5DCCDF}.Release|Any CPU.ActiveCfg = Release|Any CPU
		{A5554BDA-2ACF-4FD5-A387-01598C5DCCDF}.Release|Any CPU.Build.0 = Release|Any CPU
		{A5554BDA-2ACF-4FD5-A387-01598C5DCCDF}.Release|x64.ActiveCfg = Release|Any CPU
		{A5554BDA-2ACF-4FD5-A387-01598C5DCCDF}.Release|x64.Build.0 = Release|Any CPU
		{A5554BDA-2ACF-4FD5-A387-01598C5DCCDF}.Release|x86.ActiveCfg = Release|Any CPU
		{A5554BDA-2ACF-4FD5-A387-01598C5DCCDF}.Release|x86.Build.0 = Release|Any CPU
		{F354BE3D-32A1-482D-8025-AA6EF9ACBD00}.Debug|Any CPU.ActiveCfg = Debug|Any CPU
		{F354BE3D-32A1-482D-8025-AA6EF9ACBD00}.Debug|Any CPU.Build.0 = Debug|Any CPU
		{F354BE3D-32A1-482D-8025-AA6EF9ACBD00}.Debug|x64.ActiveCfg = Debug|Any CPU
		{F354BE3D-32A1-482D-8025-AA6EF9ACBD00}.Debug|x64.Build.0 = Debug|Any CPU
		{F354BE3D-32A1-482D-8025-AA6EF9ACBD00}.Debug|x86.ActiveCfg = Debug|Any CPU
		{F354BE3D-32A1-482D-8025-AA6EF9ACBD00}.Debug|x86.Build.0 = Debug|Any CPU
		{F354BE3D-32A1-482D-8025-AA6EF9ACBD00}.Release|Any CPU.ActiveCfg = Release|Any CPU
		{F354BE3D-32A1-482D-8025-AA6EF9ACBD00}.Release|Any CPU.Build.0 = Release|Any CPU
		{F354BE3D-32A1-482D-8025-AA6EF9ACBD00}.Release|x64.ActiveCfg = Release|Any CPU
		{F354BE3D-32A1-482D-8025-AA6EF9ACBD00}.Release|x64.Build.0 = Release|Any CPU
		{F354BE3D-32A1-482D-8025-AA6EF9ACBD00}.Release|x86.ActiveCfg = Release|Any CPU
		{F354BE3D-32A1-482D-8025-AA6EF9ACBD00}.Release|x86.Build.0 = Release|Any CPU
		{4037CDCB-EE95-4270-B5AF-C2E9DBB56AF0}.Debug|Any CPU.ActiveCfg = Debug|Any CPU
		{4037CDCB-EE95-4270-B5AF-C2E9DBB56AF0}.Debug|Any CPU.Build.0 = Debug|Any CPU
		{4037CDCB-EE95-4270-B5AF-C2E9DBB56AF0}.Debug|x64.ActiveCfg = Debug|Any CPU
		{4037CDCB-EE95-4270-B5AF-C2E9DBB56AF0}.Debug|x64.Build.0 = Debug|Any CPU
		{4037CDCB-EE95-4270-B5AF-C2E9DBB56AF0}.Debug|x86.ActiveCfg = Debug|Any CPU
		{4037CDCB-EE95-4270-B5AF-C2E9DBB56AF0}.Debug|x86.Build.0 = Debug|Any CPU
		{4037CDCB-EE95-4270-B5AF-C2E9DBB56AF0}.Release|Any CPU.ActiveCfg = Release|Any CPU
		{4037CDCB-EE95-4270-B5AF-C2E9DBB56AF0}.Release|Any CPU.Build.0 = Release|Any CPU
		{4037CDCB-EE95-4270-B5AF-C2E9DBB56AF0}.Release|x64.ActiveCfg = Release|Any CPU
		{4037CDCB-EE95-4270-B5AF-C2E9DBB56AF0}.Release|x64.Build.0 = Release|Any CPU
		{4037CDCB-EE95-4270-B5AF-C2E9DBB56AF0}.Release|x86.ActiveCfg = Release|Any CPU
		{4037CDCB-EE95-4270-B5AF-C2E9DBB56AF0}.Release|x86.Build.0 = Release|Any CPU
		{453D7450-F6D3-454B-BBB3-8D752F91123F}.Debug|Any CPU.ActiveCfg = Debug|Any CPU
		{453D7450-F6D3-454B-BBB3-8D752F91123F}.Debug|Any CPU.Build.0 = Debug|Any CPU
		{453D7450-F6D3-454B-BBB3-8D752F91123F}.Debug|x64.ActiveCfg = Debug|Any CPU
		{453D7450-F6D3-454B-BBB3-8D752F91123F}.Debug|x64.Build.0 = Debug|Any CPU
		{453D7450-F6D3-454B-BBB3-8D752F91123F}.Debug|x86.ActiveCfg = Debug|Any CPU
		{453D7450-F6D3-454B-BBB3-8D752F91123F}.Debug|x86.Build.0 = Debug|Any CPU
		{453D7450-F6D3-454B-BBB3-8D752F91123F}.Release|Any CPU.ActiveCfg = Release|Any CPU
		{453D7450-F6D3-454B-BBB3-8D752F91123F}.Release|Any CPU.Build.0 = Release|Any CPU
		{453D7450-F6D3-454B-BBB3-8D752F91123F}.Release|x64.ActiveCfg = Release|Any CPU
		{453D7450-F6D3-454B-BBB3-8D752F91123F}.Release|x64.Build.0 = Release|Any CPU
		{453D7450-F6D3-454B-BBB3-8D752F91123F}.Release|x86.ActiveCfg = Release|Any CPU
		{453D7450-F6D3-454B-BBB3-8D752F91123F}.Release|x86.Build.0 = Release|Any CPU
	EndGlobalSection
	GlobalSection(SolutionProperties) = preSolution
		HideSolutionNode = FALSE
	EndGlobalSection
	GlobalSection(NestedProjects) = preSolution
		{4C9D453C-43DE-4137-970E-5D94DD821550} = {827E0CD3-B72D-47B6-A68D-7590B98EB39B}
		{9A9C70A0-870A-4F06-8BC1-3CF14CAA1416} = {827E0CD3-B72D-47B6-A68D-7590B98EB39B}
		{0EF3DA99-9446-4ED3-86DC-BDD7DC0B90A3} = {827E0CD3-B72D-47B6-A68D-7590B98EB39B}
		{28EA6C2A-883D-45E2-8664-5D5E9CBE1DCB} = {827E0CD3-B72D-47B6-A68D-7590B98EB39B}
		{08B7981C-349C-4000-A0AC-CFFFB36ADA12} = {827E0CD3-B72D-47B6-A68D-7590B98EB39B}
		{D15E04E1-FBC0-4751-9039-D3B960820293} = {0AB3BF05-4346-4AA6-1389-037BE0695223}
		{64450BB0-4F78-4A3B-810C-1322A67769F5} = {0AB3BF05-4346-4AA6-1389-037BE0695223}
		{E44EC601-FCD4-4C37-A380-9686EF59F911} = {0AB3BF05-4346-4AA6-1389-037BE0695223}
		{82539679-9481-4FE3-8266-A31314A5766C} = {0AB3BF05-4346-4AA6-1389-037BE0695223}
		{48C29145-73DA-44AA-B71A-E7C500AE30E5} = {827E0CD3-B72D-47B6-A68D-7590B98EB39B}
		{A5554BDA-2ACF-4FD5-A387-01598C5DCCDF} = {B36A84DF-456D-A817-6EDD-3EC3E7F6E11F}
		{F354BE3D-32A1-482D-8025-AA6EF9ACBD00} = {B36A84DF-456D-A817-6EDD-3EC3E7F6E11F}
		{4037CDCB-EE95-4270-B5AF-C2E9DBB56AF0} = {827E0CD3-B72D-47B6-A68D-7590B98EB39B}
		{453D7450-F6D3-454B-BBB3-8D752F91123F} = {0AB3BF05-4346-4AA6-1389-037BE0695223}
	EndGlobalSection
EndGlobal
